
Microsoft Visual Studio Solution File, Format Version 11.00
# Visual Studio 2010
Project("{FAE04EC0-301F-11D3-BF4B-00C04F79EFBC}") = "Demo.FarmersMarket.Core", "Demo.FarmersMarket.Core\Demo.FarmersMarket.Core.csproj", "{4226D6AF-D45F-40EB-88C5-E274958B63C0}"
EndProject
Project("{FAE04EC0-301F-11D3-BF4B-00C04F79EFBC}") = "Demo.FarmersMarket.Droid", "Demo.FarmersMarket.Droid\Demo.FarmersMarket.Droid.csproj", "{1EC13897-4F76-4DD6-ADD9-0F84EBBB4CC7}"
EndProject
Project("{FAE04EC0-301F-11D3-BF4B-00C04F79EFBC}") = "Demo.FarmersMarket.Touch", "Demo.FarmersMarket.Touch\Demo.FarmersMarket.Touch.csproj", "{01975F0B-FF8E-48C1-B04F-687405581576}"
EndProject
Global
	GlobalSection(SolutionConfigurationPlatforms) = preSolution
		Debug|Any CPU = Debug|Any CPU
		Release|Any CPU = Release|Any CPU
		Debug|iPhoneSimulator = Debug|iPhoneSimulator
		Release|iPhoneSimulator = Release|iPhoneSimulator
		Debug|iPhone = Debug|iPhone
		Release|iPhone = Release|iPhone
		Ad-Hoc|iPhone = Ad-Hoc|iPhone
		AppStore|iPhone = AppStore|iPhone
	EndGlobalSection
	GlobalSection(ProjectConfigurationPlatforms) = postSolution
		{01975F0B-FF8E-48C1-B04F-687405581576}.Ad-Hoc|iPhone.ActiveCfg = Ad-Hoc|iPhone
		{01975F0B-FF8E-48C1-B04F-687405581576}.Ad-Hoc|iPhone.Build.0 = Ad-Hoc|iPhone
		{01975F0B-FF8E-48C1-B04F-687405581576}.AppStore|iPhone.ActiveCfg = AppStore|iPhone
		{01975F0B-FF8E-48C1-B04F-687405581576}.AppStore|iPhone.Build.0 = AppStore|iPhone
		{01975F0B-FF8E-48C1-B04F-687405581576}.Debug|Any CPU.ActiveCfg = Debug|iPhoneSimulator
		{01975F0B-FF8E-48C1-B04F-687405581576}.Debug|Any CPU.Build.0 = Debug|iPhoneSimulator
		{01975F0B-FF8E-48C1-B04F-687405581576}.Debug|iPhone.ActiveCfg = Debug|iPhone
		{01975F0B-FF8E-48C1-B04F-687405581576}.Debug|iPhone.Build.0 = Debug|iPhone
		{01975F0B-FF8E-48C1-B04F-687405581576}.Debug|iPhoneSimulator.ActiveCfg = Debug|iPhoneSimulator
		{01975F0B-FF8E-48C1-B04F-687405581576}.Debug|iPhoneSimulator.Build.0 = Debug|iPhoneSimulator
		{01975F0B-FF8E-48C1-B04F-687405581576}.Release|Any CPU.ActiveCfg = Release|iPhoneSimulator
		{01975F0B-FF8E-48C1-B04F-687405581576}.Release|Any CPU.Build.0 = Release|iPhoneSimulator
		{01975F0B-FF8E-48C1-B04F-687405581576}.Release|iPhone.ActiveCfg = Release|iPhone
		{01975F0B-FF8E-48C1-B04F-687405581576}.Release|iPhone.Build.0 = Release|iPhone
		{01975F0B-FF8E-48C1-B04F-687405581576}.Release|iPhoneSimulator.ActiveCfg = Release|iPhoneSimulator
		{01975F0B-FF8E-48C1-B04F-687405581576}.Release|iPhoneSimulator.Build.0 = Release|iPhoneSimulator
		{1EC13897-4F76-4DD6-ADD9-0F84EBBB4CC7}.Ad-Hoc|iPhone.ActiveCfg = Debug|Any CPU
		{1EC13897-4F76-4DD6-ADD9-0F84EBBB4CC7}.Ad-Hoc|iPhone.Build.0 = Debug|Any CPU
		{1EC13897-4F76-4DD6-ADD9-0F84EBBB4CC7}.AppStore|iPhone.ActiveCfg = Debug|Any CPU
		{1EC13897-4F76-4DD6-ADD9-0F84EBBB4CC7}.AppStore|iPhone.Build.0 = Debug|Any CPU
		{1EC13897-4F76-4DD6-ADD9-0F84EBBB4CC7}.Debug|Any CPU.ActiveCfg = Debug|Any CPU
		{1EC13897-4F76-4DD6-ADD9-0F84EBBB4CC7}.Debug|Any CPU.Build.0 = Debug|Any CPU
		{1EC13897-4F76-4DD6-ADD9-0F84EBBB4CC7}.Debug|iPhone.ActiveCfg = Debug|Any CPU
		{1EC13897-4F76-4DD6-ADD9-0F84EBBB4CC7}.Debug|iPhone.Build.0 = Debug|Any CPU
		{1EC13897-4F76-4DD6-ADD9-0F84EBBB4CC7}.Debug|iPhoneSimulator.ActiveCfg = Debug|Any CPU
		{1EC13897-4F76-4DD6-ADD9-0F84EBBB4CC7}.Debug|iPhoneSimulator.Build.0 = Debug|Any CPU
		{1EC13897-4F76-4DD6-ADD9-0F84EBBB4CC7}.Release|Any CPU.ActiveCfg = Release|Any CPU
		{1EC13897-4F76-4DD6-ADD9-0F84EBBB4CC7}.Release|Any CPU.Build.0 = Release|Any CPU
		{1EC13897-4F76-4DD6-ADD9-0F84EBBB4CC7}.Release|iPhone.ActiveCfg = Release|Any CPU
		{1EC13897-4F76-4DD6-ADD9-0F84EBBB4CC7}.Release|iPhone.Build.0 = Release|Any CPU
		{1EC13897-4F76-4DD6-ADD9-0F84EBBB4CC7}.Release|iPhoneSimulator.ActiveCfg = Release|Any CPU
		{1EC13897-4F76-4DD6-ADD9-0F84EBBB4CC7}.Release|iPhoneSimulator.Build.0 = Release|Any CPU
		{4226D6AF-D45F-40EB-88C5-E274958B63C0}.Ad-Hoc|iPhone.ActiveCfg = Debug|Any CPU
		{4226D6AF-D45F-40EB-88C5-E274958B63C0}.Ad-Hoc|iPhone.Build.0 = Debug|Any CPU
		{4226D6AF-D45F-40EB-88C5-E274958B63C0}.AppStore|iPhone.ActiveCfg = Debug|Any CPU
		{4226D6AF-D45F-40EB-88C5-E274958B63C0}.AppStore|iPhone.Build.0 = Debug|Any CPU
		{4226D6AF-D45F-40EB-88C5-E274958B63C0}.Debug|Any CPU.ActiveCfg = Debug|Any CPU
		{4226D6AF-D45F-40EB-88C5-E274958B63C0}.Debug|Any CPU.Build.0 = Debug|Any CPU
		{4226D6AF-D45F-40EB-88C5-E274958B63C0}.Debug|iPhone.ActiveCfg = Debug|Any CPU
		{4226D6AF-D45F-40EB-88C5-E274958B63C0}.Debug|iPhone.Build.0 = Debug|Any CPU
		{4226D6AF-D45F-40EB-88C5-E274958B63C0}.Debug|iPhoneSimulator.ActiveCfg = Debug|Any CPU
		{4226D6AF-D45F-40EB-88C5-E274958B63C0}.Debug|iPhoneSimulator.Build.0 = Debug|Any CPU
		{4226D6AF-D45F-40EB-88C5-E274958B63C0}.Release|Any CPU.ActiveCfg = Release|Any CPU
		{4226D6AF-D45F-40EB-88C5-E274958B63C0}.Release|Any CPU.Build.0 = Release|Any CPU
		{4226D6AF-D45F-40EB-88C5-E274958B63C0}.Release|iPhone.ActiveCfg = Release|Any CPU
		{4226D6AF-D45F-40EB-88C5-E274958B63C0}.Release|iPhone.Build.0 = Release|Any CPU
		{4226D6AF-D45F-40EB-88C5-E274958B63C0}.Release|iPhoneSimulator.ActiveCfg = Release|Any CPU
		{4226D6AF-D45F-40EB-88C5-E274958B63C0}.Release|iPhoneSimulator.Build.0 = Release|Any CPU
	EndGlobalSection
	GlobalSection(MonoDevelopProperties) = preSolution
		StartupItem = Demo.FarmersMarket.Droid\Demo.FarmersMarket.Droid.csproj
	EndGlobalSection
EndGlobal
